# THIS IS AN AUTOGENERATED FILE. DO NOT EDIT THIS FILE DIRECTLY.
# yarn lockfile v1


lit-jsx-core@^0.0.4:
  version "0.0.4"
  resolved "https://registry.yarnpkg.com/lit-jsx-core/-/lit-jsx-core-0.0.4.tgz#44266386a3c0453175a9367efb38c5c23efb6be5"
  integrity sha512-F11Ua6VgqOn56PpHinAezCb3K95T+GGOi2haRd2+yezh/rshOaJBooM1Erdnpx3mD2kTSkHs3fl0vsVBNVLV7g==
